<?xml version="1.0" encoding="utf-8"?>
<Project ToolsVersion="4.0" xmlns="http://schemas.microsoft.com/developer/msbuild/2003">
  <ItemGroup>
    <Filter Include="win32">
      <UniqueIdentifier>{84a8ebd7-7cf0-47f6-b75e-d441df67da40}</UniqueIdentifier>
    </Filter>
    <Filter Include="resource">
      <UniqueIdentifier>{715254bc-d70b-4ec5-bf29-467dd3ace079}</UniqueIdentifier>
    </Filter>
    <Filter Include="src">
      <UniqueIdentifier>{bb6c862e-70e9-49d9-81b7-3829a6f50471}</UniqueIdentifier>
    </Filter>
    <Filter Include="src\ArrowShoot">
      <UniqueIdentifier>{00557b6f-1e3c-41e1-8331-6c32910478cc}</UniqueIdentifier>
    </Filter>
  </ItemGroup>
  <ItemGroup>
    <ClCompile Include="main.cpp">
      <Filter>win32</Filter>
    </ClCompile>
    <ClCompile Include="..\Classes\AppDelegate.cpp">
      <Filter>src</Filter>
    </ClCompile>
    <ClCompile Include="..\Classes\HelloWorldScene.cpp">
      <Filter>src</Filter>
    </ClCompile>
    <ClCompile Include="..\Classes\ArrowShoot\ArrowSpriteLayer.cpp">
      <Filter>src\ArrowShoot</Filter>
    </ClCompile>
    <ClCompile Include="..\Classes\ArrowShoot\FailLayer.cpp">
      <Filter>src\ArrowShoot</Filter>
    </ClCompile>
    <ClCompile Include="..\Classes\ArrowShoot\FirstScene.cpp">
      <Filter>src\ArrowShoot</Filter>
    </ClCompile>
    <ClCompile Include="..\Classes\ArrowShoot\MainScene.cpp">
      <Filter>src\ArrowShoot</Filter>
    </ClCompile>
    <ClCompile Include="..\Classes\ArrowShoot\MainStep2Scene.cpp">
      <Filter>src\ArrowShoot</Filter>
    </ClCompile>
    <ClCompile Include="..\Classes\ArrowShoot\MainStep3Scene.cpp">
      <Filter>src\ArrowShoot</Filter>
    </ClCompile>
    <ClCompile Include="..\Classes\ArrowShoot\MapScene.cpp">
      <Filter>src\ArrowShoot</Filter>
    </ClCompile>
    <ClCompile Include="..\Classes\ArrowShoot\MonsterSprite.cpp">
      <Filter>src\ArrowShoot</Filter>
    </ClCompile>
    <ClCompile Include="..\Classes\ArrowShoot\PauseLayer.cpp">
      <Filter>src\ArrowShoot</Filter>
    </ClCompile>
    <ClCompile Include="..\Classes\ArrowShoot\WinLayer.cpp">
      <Filter>src\ArrowShoot</Filter>
    </ClCompile>
  </ItemGroup>
  <ItemGroup>
    <ClInclude Include="main.h">
      <Filter>win32</Filter>
    </ClInclude>
    <ClInclude Include="..\Classes\AppDelegate.h">
      <Filter>src</Filter>
    </ClInclude>
    <ClInclude Include="..\Classes\HelloWorldScene.h">
      <Filter>src</Filter>
    </ClInclude>
    <ClInclude Include="..\Classes\ArrowShoot\ArrowSpriteLayer.h">
      <Filter>src\ArrowShoot</Filter>
    </ClInclude>
    <ClInclude Include="..\Classes\ArrowShoot\FailLayer.h">
      <Filter>src\ArrowShoot</Filter>
    </ClInclude>
    <ClInclude Include="..\Classes\ArrowShoot\FirstScene.h">
      <Filter>src\ArrowShoot</Filter>
    </ClInclude>
    <ClInclude Include="..\Classes\ArrowShoot\MainScene.h">
      <Filter>src\ArrowShoot</Filter>
    </ClInclude>
    <ClInclude Include="..\Classes\ArrowShoot\MainStep2Scene.h">
      <Filter>src\ArrowShoot</Filter>
    </ClInclude>
    <ClInclude Include="..\Classes\ArrowShoot\MainStep3Scene.h">
      <Filter>src\ArrowShoot</Filter>
    </ClInclude>
    <ClInclude Include="..\Classes\ArrowShoot\MapScene.h">
      <Filter>src\ArrowShoot</Filter>
    </ClInclude>
    <ClInclude Include="..\Classes\ArrowShoot\MonsterSprite.h">
      <Filter>src\ArrowShoot</Filter>
    </ClInclude>
    <ClInclude Include="..\Classes\ArrowShoot\PauseLayer.h">
      <Filter>src\ArrowShoot</Filter>
    </ClInclude>
    <ClInclude Include="..\Classes\ArrowShoot\WinLayer.h">
      <Filter>src\ArrowShoot</Filter>
    </ClInclude>
  </ItemGroup>
  <ItemGroup>
    <ResourceCompile Include="game.rc">
      <Filter>resource</Filter>
    </ResourceCompile>
  </ItemGroup>
</Project>